
Microsoft Visual Studio Solution File, Format Version 12.00
# Visual Studio 15
VisualStudioVersion = 15.0.28307.572
MinimumVisualStudioVersion = 10.0.40219.1
Project("{F184B08F-C81C-45F6-A57F-5ABD9991F28F}") = "SynchTMM", "SynchTMM\SynchTMM.vbproj", "{5D951220-C5CF-4740-A1F0-6E9E90278B2E}"
EndProject
Global
	GlobalSection(SolutionConfigurationPlatforms) = preSolution
		Debug|Any CPU = Debug|Any CPU
		Release|Any CPU = Release|Any CPU
	EndGlobalSection
	GlobalSection(ProjectConfigurationPlatforms) = postSolution
		{5D951220-C5CF-4740-A1F0-6E9E90278B2E}.Debug|Any CPU.ActiveCfg = Debug|Any CPU
		{5D951220-C5CF-4740-A1F0-6E9E90278B2E}.Debug|Any CPU.Build.0 = Debug|Any CPU
		{5D951220-C5CF-4740-A1F0-6E9E90278B2E}.Release|Any CPU.ActiveCfg = Release|Any CPU
		{5D951220-C5CF-4740-A1F0-6E9E90278B2E}.Release|Any CPU.Build.0 = Release|Any CPU
	EndGlobalSection
	GlobalSection(SolutionProperties) = preSolution
		HideSolutionNode = FALSE
	EndGlobalSection
	GlobalSection(ExtensibilityGlobals) = postSolution
		SolutionGuid = {5763A9F2-3E41-4773-A90C-A00F1121DB80}
	EndGlobalSection
EndGlobal
